
Microsoft Visual Studio Solution File, Format Version 12.00
# Visual Studio Version 16
VisualStudioVersion = 16.0.29613.14
MinimumVisualStudioVersion = 10.0.40219.1
Project("{888888A0-9F3D-457C-B088-3A5042F75D52}") = "PythonDrills", "PythonDrills.pyproj", "{0DF750D0-9E42-42E8-83CE-20F078448C79}"
EndProject
Global
	GlobalSection(SolutionConfigurationPlatforms) = preSolution
		Debug|Any CPU = Debug|Any CPU
		Release|Any CPU = Release|Any CPU
	EndGlobalSection
	GlobalSection(ProjectConfigurationPlatforms) = postSolution
		{0DF750D0-9E42-42E8-83CE-20F078448C79}.Debug|Any CPU.ActiveCfg = Debug|Any CPU
		{0DF750D0-9E42-42E8-83CE-20F078448C79}.Release|Any CPU.ActiveCfg = Release|Any CPU
	EndGlobalSection
	GlobalSection(SolutionProperties) = preSolution
		HideSolutionNode = FALSE
	EndGlobalSection
	GlobalSection(ExtensibilityGlobals) = postSolution
		SolutionGuid = {2BDEB360-24E5-40C4-8F98-81B228F15498}
	EndGlobalSection
EndGlobal
